{
  "name": "ramiroruiz.com",
  "version": "0.1.2",
  "lockfileVersion": 1,
  "requires": true,
  "dependencies": {
    "@octokit/rest": {
      "version": "16.27.3",
      "resolved": "https://registry.npmjs.org/@octokit/rest/-/rest-16.27.3.tgz",
      "integrity": "sha512-WWH/SHF4kus6FG+EAfX7/JYH70EjgFYa4AAd2Lf1hgmgzodhrsoxpXPSZliZ5BdJruZPMP7ZYaPoTrYCCKYzmQ==",
      "requires": {
        "@octokit/request": "^4.0.1",
        "@octokit/request-error": "^1.0.2",
        "atob-lite": "^2.0.0",
        "before-after-hook": "^1.4.0",
        "btoa-lite": "^1.0.0",
        "deprecation": "^2.0.0",
        "lodash.get": "^4.4.2",
        "lodash.set": "^4.3.2",
        "lodash.uniq": "^4.5.0",
        "octokit-pagination-methods": "^1.1.0",
        "once": "^1.4.0",
        "universal-user-agent": "^2.0.0",
        "url-template": "^2.0.8"
      }
    }
}
